
Microsoft Visual Studio Solution File, Format Version 12.00
# Visual Studio Version 17
VisualStudioVersion = 17.7.34031.279
MinimumVisualStudioVersion = 10.0.40219.1
Project("{FAE04EC0-301F-11D3-BF4B-00C04F79EFBC}") = "07_ListaFunções_pt2", "07_ListaFunções_pt2\07_ListaFunções_pt2.csproj", "{E1DDB222-AF2F-4C3A-9F63-0075B3DE2ACE}"
EndProject
Project("{FAE04EC0-301F-11D3-BF4B-00C04F79EFBC}") = "Exercicio01", "Exercicio01\Exercicio01.csproj", "{CA92DB6E-F96A-4A23-A017-CF228BE6E903}"
EndProject
Global
	GlobalSection(SolutionConfigurationPlatforms) = preSolution
		Debug|Any CPU = Debug|Any CPU
		Release|Any CPU = Release|Any CPU
	EndGlobalSection
	GlobalSection(ProjectConfigurationPlatforms) = postSolution
		{E1DDB222-AF2F-4C3A-9F63-0075B3DE2ACE}.Debug|Any CPU.ActiveCfg = Debug|Any CPU
		{E1DDB222-AF2F-4C3A-9F63-0075B3DE2ACE}.Debug|Any CPU.Build.0 = Debug|Any CPU
		{E1DDB222-AF2F-4C3A-9F63-0075B3DE2ACE}.Release|Any CPU.ActiveCfg = Release|Any CPU
		{E1DDB222-AF2F-4C3A-9F63-0075B3DE2ACE}.Release|Any CPU.Build.0 = Release|Any CPU
		{CA92DB6E-F96A-4A23-A017-CF228BE6E903}.Debug|Any CPU.ActiveCfg = Debug|Any CPU
		{CA92DB6E-F96A-4A23-A017-CF228BE6E903}.Debug|Any CPU.Build.0 = Debug|Any CPU
		{CA92DB6E-F96A-4A23-A017-CF228BE6E903}.Release|Any CPU.ActiveCfg = Release|Any CPU
		{CA92DB6E-F96A-4A23-A017-CF228BE6E903}.Release|Any CPU.Build.0 = Release|Any CPU
	EndGlobalSection
	GlobalSection(SolutionProperties) = preSolution
		HideSolutionNode = FALSE
	EndGlobalSection
	GlobalSection(ExtensibilityGlobals) = postSolution
		SolutionGuid = {65AEBE99-5C17-43DB-B67D-A08C9862A68B}
	EndGlobalSection
EndGlobal
