
Microsoft Visual Studio Solution File, Format Version 12.00
# Visual Studio Version 17
VisualStudioVersion = 17.7.34221.43
MinimumVisualStudioVersion = 10.0.40219.1
Project("{FAE04EC0-301F-11D3-BF4B-00C04F79EFBC}") = "Exercicio08", "Exercicio08\Exercicio08.csproj", "{60A6495D-3252-43AA-8956-85BAB16E33F6}"
EndProject
Global
	GlobalSection(SolutionConfigurationPlatforms) = preSolution
		Debug|Any CPU = Debug|Any CPU
		Release|Any CPU = Release|Any CPU
	EndGlobalSection
	GlobalSection(ProjectConfigurationPlatforms) = postSolution
		{60A6495D-3252-43AA-8956-85BAB16E33F6}.Debug|Any CPU.ActiveCfg = Debug|Any CPU
		{60A6495D-3252-43AA-8956-85BAB16E33F6}.Debug|Any CPU.Build.0 = Debug|Any CPU
		{60A6495D-3252-43AA-8956-85BAB16E33F6}.Release|Any CPU.ActiveCfg = Release|Any CPU
		{60A6495D-3252-43AA-8956-85BAB16E33F6}.Release|Any CPU.Build.0 = Release|Any CPU
	EndGlobalSection
	GlobalSection(SolutionProperties) = preSolution
		HideSolutionNode = FALSE
	EndGlobalSection
	GlobalSection(ExtensibilityGlobals) = postSolution
		SolutionGuid = {5BDF6416-ED1E-421C-88C0-2DB26F1B47E3}
	EndGlobalSection
EndGlobal
