
Microsoft Visual Studio Solution File, Format Version 12.00
# Visual Studio Version 17
VisualStudioVersion = 17.7.34031.279
MinimumVisualStudioVersion = 10.0.40219.1
Project("{FAE04EC0-301F-11D3-BF4B-00C04F79EFBC}") = "Lista04", "Lista04\Lista04.csproj", "{8CC8D2D8-F66F-47CC-916C-A74C5C0A7EF0}"
EndProject
Project("{FAE04EC0-301F-11D3-BF4B-00C04F79EFBC}") = "Exercicio01", "Exercicio01\Exercicio01.csproj", "{E4C52DA0-30E7-4B12-ACAB-25B7B826F19C}"
EndProject
Project("{FAE04EC0-301F-11D3-BF4B-00C04F79EFBC}") = "Exercicio02", "Exercicio02\Exercicio02.csproj", "{DD0B5BE4-47BF-4B24-946A-A01DA42911A2}"
EndProject
Project("{FAE04EC0-301F-11D3-BF4B-00C04F79EFBC}") = "Exercicio03", "Exercicio03\Exercicio03.csproj", "{C9799278-821A-437B-BC0E-E533D4DB5807}"
EndProject
Project("{FAE04EC0-301F-11D3-BF4B-00C04F79EFBC}") = "Exercicio04", "Exercicio04\Exercicio04.csproj", "{441E6B84-9C36-4CDB-827E-1CEF14B11635}"
EndProject
Project("{FAE04EC0-301F-11D3-BF4B-00C04F79EFBC}") = "Exercicio05", "Exercicio05\Exercicio05.csproj", "{327F3FFF-F007-41AE-9C31-9B045C33603D}"
EndProject
Project("{FAE04EC0-301F-11D3-BF4B-00C04F79EFBC}") = "Exercicio06", "Exercicio06\Exercicio06.csproj", "{780AEAB6-8008-4C83-A293-0CABBEE743E0}"
EndProject
Project("{FAE04EC0-301F-11D3-BF4B-00C04F79EFBC}") = "Exercicio07", "Exercicio07\Exercicio07.csproj", "{3BA65F3C-1763-4574-83DC-83837E9D0EA4}"
EndProject
Project("{FAE04EC0-301F-11D3-BF4B-00C04F79EFBC}") = "Exercicio08", "Exercicio08\Exercicio08.csproj", "{9E9DDACA-E9F9-4F09-BA5D-28557E799BBA}"
EndProject
Project("{FAE04EC0-301F-11D3-BF4B-00C04F79EFBC}") = "Exercicio09", "Exercicio09\Exercicio09.csproj", "{23CA81B8-0F25-46EF-98FA-9509C72A3B6C}"
EndProject
Project("{FAE04EC0-301F-11D3-BF4B-00C04F79EFBC}") = "Exercicio10", "Exercicio10\Exercicio10.csproj", "{90B7469C-CDBB-4752-BDCD-9FF0E03A23BD}"
EndProject
Project("{FAE04EC0-301F-11D3-BF4B-00C04F79EFBC}") = "Exercicio11", "Exercicio11\Exercicio11.csproj", "{79322F60-9F00-4902-98AF-1E1D5B83C555}"
EndProject
Project("{FAE04EC0-301F-11D3-BF4B-00C04F79EFBC}") = "Exercicio12", "Exercicio12\Exercicio12.csproj", "{91F10850-A810-4148-B98B-AA2CB1940921}"
EndProject
Project("{FAE04EC0-301F-11D3-BF4B-00C04F79EFBC}") = "Exercicio13", "Exercicio13\Exercicio13.csproj", "{E33F59E6-B132-4BA3-AB71-00FC4C95D3E2}"
EndProject
Project("{FAE04EC0-301F-11D3-BF4B-00C04F79EFBC}") = "Exercicio14", "Exercicio14\Exercicio14.csproj", "{B7F99531-40C4-41D1-B53B-4CB6AD8F67DA}"
EndProject
Project("{FAE04EC0-301F-11D3-BF4B-00C04F79EFBC}") = "Exercicio15", "Exercicio15\Exercicio15.csproj", "{55F53D25-84E3-4177-9173-E2A1D3155928}"
EndProject
Project("{FAE04EC0-301F-11D3-BF4B-00C04F79EFBC}") = "Exercicio16", "Exercicio16\Exercicio16.csproj", "{8C9F011C-9902-4DAB-9580-09787968C6A6}"
EndProject
Global
	GlobalSection(SolutionConfigurationPlatforms) = preSolution
		Debug|Any CPU = Debug|Any CPU
		Release|Any CPU = Release|Any CPU
	EndGlobalSection
	GlobalSection(ProjectConfigurationPlatforms) = postSolution
		{8CC8D2D8-F66F-47CC-916C-A74C5C0A7EF0}.Debug|Any CPU.ActiveCfg = Debug|Any CPU
		{8CC8D2D8-F66F-47CC-916C-A74C5C0A7EF0}.Debug|Any CPU.Build.0 = Debug|Any CPU
		{8CC8D2D8-F66F-47CC-916C-A74C5C0A7EF0}.Release|Any CPU.ActiveCfg = Release|Any CPU
		{8CC8D2D8-F66F-47CC-916C-A74C5C0A7EF0}.Release|Any CPU.Build.0 = Release|Any CPU
		{E4C52DA0-30E7-4B12-ACAB-25B7B826F19C}.Debug|Any CPU.ActiveCfg = Debug|Any CPU
		{E4C52DA0-30E7-4B12-ACAB-25B7B826F19C}.Debug|Any CPU.Build.0 = Debug|Any CPU
		{E4C52DA0-30E7-4B12-ACAB-25B7B826F19C}.Release|Any CPU.ActiveCfg = Release|Any CPU
		{E4C52DA0-30E7-4B12-ACAB-25B7B826F19C}.Release|Any CPU.Build.0 = Release|Any CPU
		{DD0B5BE4-47BF-4B24-946A-A01DA42911A2}.Debug|Any CPU.ActiveCfg = Debug|Any CPU
		{DD0B5BE4-47BF-4B24-946A-A01DA42911A2}.Debug|Any CPU.Build.0 = Debug|Any CPU
		{DD0B5BE4-47BF-4B24-946A-A01DA42911A2}.Release|Any CPU.ActiveCfg = Release|Any CPU
		{DD0B5BE4-47BF-4B24-946A-A01DA42911A2}.Release|Any CPU.Build.0 = Release|Any CPU
		{C9799278-821A-437B-BC0E-E533D4DB5807}.Debug|Any CPU.ActiveCfg = Debug|Any CPU
		{C9799278-821A-437B-BC0E-E533D4DB5807}.Debug|Any CPU.Build.0 = Debug|Any CPU
		{C9799278-821A-437B-BC0E-E533D4DB5807}.Release|Any CPU.ActiveCfg = Release|Any CPU
		{C9799278-821A-437B-BC0E-E533D4DB5807}.Release|Any CPU.Build.0 = Release|Any CPU
		{441E6B84-9C36-4CDB-827E-1CEF14B11635}.Debug|Any CPU.ActiveCfg = Debug|Any CPU
		{441E6B84-9C36-4CDB-827E-1CEF14B11635}.Debug|Any CPU.Build.0 = Debug|Any CPU
		{441E6B84-9C36-4CDB-827E-1CEF14B11635}.Release|Any CPU.ActiveCfg = Release|Any CPU
		{441E6B84-9C36-4CDB-827E-1CEF14B11635}.Release|Any CPU.Build.0 = Release|Any CPU
		{327F3FFF-F007-41AE-9C31-9B045C33603D}.Debug|Any CPU.ActiveCfg = Debug|Any CPU
		{327F3FFF-F007-41AE-9C31-9B045C33603D}.Debug|Any CPU.Build.0 = Debug|Any CPU
		{327F3FFF-F007-41AE-9C31-9B045C33603D}.Release|Any CPU.ActiveCfg = Release|Any CPU
		{327F3FFF-F007-41AE-9C31-9B045C33603D}.Release|Any CPU.Build.0 = Release|Any CPU
		{780AEAB6-8008-4C83-A293-0CABBEE743E0}.Debug|Any CPU.ActiveCfg = Debug|Any CPU
		{780AEAB6-8008-4C83-A293-0CABBEE743E0}.Debug|Any CPU.Build.0 = Debug|Any CPU
		{780AEAB6-8008-4C83-A293-0CABBEE743E0}.Release|Any CPU.ActiveCfg = Release|Any CPU
		{780AEAB6-8008-4C83-A293-0CABBEE743E0}.Release|Any CPU.Build.0 = Release|Any CPU
		{3BA65F3C-1763-4574-83DC-83837E9D0EA4}.Debug|Any CPU.ActiveCfg = Debug|Any CPU
		{3BA65F3C-1763-4574-83DC-83837E9D0EA4}.Debug|Any CPU.Build.0 = Debug|Any CPU
		{3BA65F3C-1763-4574-83DC-83837E9D0EA4}.Release|Any CPU.ActiveCfg = Release|Any CPU
		{3BA65F3C-1763-4574-83DC-83837E9D0EA4}.Release|Any CPU.Build.0 = Release|Any CPU
		{9E9DDACA-E9F9-4F09-BA5D-28557E799BBA}.Debug|Any CPU.ActiveCfg = Debug|Any CPU
		{9E9DDACA-E9F9-4F09-BA5D-28557E799BBA}.Debug|Any CPU.Build.0 = Debug|Any CPU
		{9E9DDACA-E9F9-4F09-BA5D-28557E799BBA}.Release|Any CPU.ActiveCfg = Release|Any CPU
		{9E9DDACA-E9F9-4F09-BA5D-28557E799BBA}.Release|Any CPU.Build.0 = Release|Any CPU
		{23CA81B8-0F25-46EF-98FA-9509C72A3B6C}.Debug|Any CPU.ActiveCfg = Debug|Any CPU
		{23CA81B8-0F25-46EF-98FA-9509C72A3B6C}.Debug|Any CPU.Build.0 = Debug|Any CPU
		{23CA81B8-0F25-46EF-98FA-9509C72A3B6C}.Release|Any CPU.ActiveCfg = Release|Any CPU
		{23CA81B8-0F25-46EF-98FA-9509C72A3B6C}.Release|Any CPU.Build.0 = Release|Any CPU
		{90B7469C-CDBB-4752-BDCD-9FF0E03A23BD}.Debug|Any CPU.ActiveCfg = Debug|Any CPU
		{90B7469C-CDBB-4752-BDCD-9FF0E03A23BD}.Debug|Any CPU.Build.0 = Debug|Any CPU
		{90B7469C-CDBB-4752-BDCD-9FF0E03A23BD}.Release|Any CPU.ActiveCfg = Release|Any CPU
		{90B7469C-CDBB-4752-BDCD-9FF0E03A23BD}.Release|Any CPU.Build.0 = Release|Any CPU
		{79322F60-9F00-4902-98AF-1E1D5B83C555}.Debug|Any CPU.ActiveCfg = Debug|Any CPU
		{79322F60-9F00-4902-98AF-1E1D5B83C555}.Debug|Any CPU.Build.0 = Debug|Any CPU
		{79322F60-9F00-4902-98AF-1E1D5B83C555}.Release|Any CPU.ActiveCfg = Release|Any CPU
		{79322F60-9F00-4902-98AF-1E1D5B83C555}.Release|Any CPU.Build.0 = Release|Any CPU
		{91F10850-A810-4148-B98B-AA2CB1940921}.Debug|Any CPU.ActiveCfg = Debug|Any CPU
		{91F10850-A810-4148-B98B-AA2CB1940921}.Debug|Any CPU.Build.0 = Debug|Any CPU
		{91F10850-A810-4148-B98B-AA2CB1940921}.Release|Any CPU.ActiveCfg = Release|Any CPU
		{91F10850-A810-4148-B98B-AA2CB1940921}.Release|Any CPU.Build.0 = Release|Any CPU
		{E33F59E6-B132-4BA3-AB71-00FC4C95D3E2}.Debug|Any CPU.ActiveCfg = Debug|Any CPU
		{E33F59E6-B132-4BA3-AB71-00FC4C95D3E2}.Debug|Any CPU.Build.0 = Debug|Any CPU
		{E33F59E6-B132-4BA3-AB71-00FC4C95D3E2}.Release|Any CPU.ActiveCfg = Release|Any CPU
		{E33F59E6-B132-4BA3-AB71-00FC4C95D3E2}.Release|Any CPU.Build.0 = Release|Any CPU
		{B7F99531-40C4-41D1-B53B-4CB6AD8F67DA}.Debug|Any CPU.ActiveCfg = Debug|Any CPU
		{B7F99531-40C4-41D1-B53B-4CB6AD8F67DA}.Debug|Any CPU.Build.0 = Debug|Any CPU
		{B7F99531-40C4-41D1-B53B-4CB6AD8F67DA}.Release|Any CPU.ActiveCfg = Release|Any CPU
		{B7F99531-40C4-41D1-B53B-4CB6AD8F67DA}.Release|Any CPU.Build.0 = Release|Any CPU
		{55F53D25-84E3-4177-9173-E2A1D3155928}.Debug|Any CPU.ActiveCfg = Debug|Any CPU
		{55F53D25-84E3-4177-9173-E2A1D3155928}.Debug|Any CPU.Build.0 = Debug|Any CPU
		{55F53D25-84E3-4177-9173-E2A1D3155928}.Release|Any CPU.ActiveCfg = Release|Any CPU
		{55F53D25-84E3-4177-9173-E2A1D3155928}.Release|Any CPU.Build.0 = Release|Any CPU
		{8C9F011C-9902-4DAB-9580-09787968C6A6}.Debug|Any CPU.ActiveCfg = Debug|Any CPU
		{8C9F011C-9902-4DAB-9580-09787968C6A6}.Debug|Any CPU.Build.0 = Debug|Any CPU
		{8C9F011C-9902-4DAB-9580-09787968C6A6}.Release|Any CPU.ActiveCfg = Release|Any CPU
		{8C9F011C-9902-4DAB-9580-09787968C6A6}.Release|Any CPU.Build.0 = Release|Any CPU
	EndGlobalSection
	GlobalSection(SolutionProperties) = preSolution
		HideSolutionNode = FALSE
	EndGlobalSection
	GlobalSection(ExtensibilityGlobals) = postSolution
		SolutionGuid = {8991A020-A9DD-4BCA-BC79-08A85A400166}
	EndGlobalSection
EndGlobal
