
Microsoft Visual Studio Solution File, Format Version 12.00
# Visual Studio Version 17
VisualStudioVersion = 17.8.34330.188
MinimumVisualStudioVersion = 10.0.40219.1
Project("{FAE04EC0-301F-11D3-BF4B-00C04F79EFBC}") = "AppMovelXamarin.UWP", "AppMovelXamarin\AppMovelXamarin.UWP\AppMovelXamarin.UWP.csproj", "{C9C249CF-C42D-4AF1-A027-CA702C493F49}"
EndProject
Project("{FAE04EC0-301F-11D3-BF4B-00C04F79EFBC}") = "AppMovelXamarin.Android", "AppMovelXamarin\AppMovelXamarin.Android\AppMovelXamarin.Android.csproj", "{696706AF-7A54-47B9-A5E7-02328AA44E73}"
EndProject
Project("{FAE04EC0-301F-11D3-BF4B-00C04F79EFBC}") = "AppMovelXamarin.iOS", "AppMovelXamarin\AppMovelXamarin.iOS\AppMovelXamarin.iOS.csproj", "{F39D9ABF-4237-4138-AC2D-CB4950B646D2}"
EndProject
Project("{FAE04EC0-301F-11D3-BF4B-00C04F79EFBC}") = "AppMovelXamarin", "AppMovelXamarin\AppMovelXamarin\AppMovelXamarin.csproj", "{FF4B78E7-A113-4D1B-99C7-6385F2027928}"
EndProject
Global
	GlobalSection(SolutionConfigurationPlatforms) = preSolution
		Debug|Any CPU = Debug|Any CPU
		Debug|ARM = Debug|ARM
		Debug|iPhone = Debug|iPhone
		Debug|iPhoneSimulator = Debug|iPhoneSimulator
		Debug|x64 = Debug|x64
		Debug|x86 = Debug|x86
		Release|Any CPU = Release|Any CPU
		Release|ARM = Release|ARM
		Release|iPhone = Release|iPhone
		Release|iPhoneSimulator = Release|iPhoneSimulator
		Release|x64 = Release|x64
		Release|x86 = Release|x86
	EndGlobalSection
	GlobalSection(ProjectConfigurationPlatforms) = postSolution
		{C9C249CF-C42D-4AF1-A027-CA702C493F49}.Debug|Any CPU.ActiveCfg = Debug|x64
		{C9C249CF-C42D-4AF1-A027-CA702C493F49}.Debug|ARM.ActiveCfg = Debug|ARM
		{C9C249CF-C42D-4AF1-A027-CA702C493F49}.Debug|ARM.Build.0 = Debug|ARM
		{C9C249CF-C42D-4AF1-A027-CA702C493F49}.Debug|ARM.Deploy.0 = Debug|ARM
		{C9C249CF-C42D-4AF1-A027-CA702C493F49}.Debug|iPhone.ActiveCfg = Debug|x64
		{C9C249CF-C42D-4AF1-A027-CA702C493F49}.Debug|iPhoneSimulator.ActiveCfg = Debug|x64
		{C9C249CF-C42D-4AF1-A027-CA702C493F49}.Debug|x64.ActiveCfg = Debug|x64
		{C9C249CF-C42D-4AF1-A027-CA702C493F49}.Debug|x64.Build.0 = Debug|x64
		{C9C249CF-C42D-4AF1-A027-CA702C493F49}.Debug|x64.Deploy.0 = Debug|x64
		{C9C249CF-C42D-4AF1-A027-CA702C493F49}.Debug|x86.ActiveCfg = Debug|x86
		{C9C249CF-C42D-4AF1-A027-CA702C493F49}.Debug|x86.Build.0 = Debug|x86
		{C9C249CF-C42D-4AF1-A027-CA702C493F49}.Debug|x86.Deploy.0 = Debug|x86
		{C9C249CF-C42D-4AF1-A027-CA702C493F49}.Release|Any CPU.ActiveCfg = Release|x64
		{C9C249CF-C42D-4AF1-A027-CA702C493F49}.Release|ARM.ActiveCfg = Release|ARM
		{C9C249CF-C42D-4AF1-A027-CA702C493F49}.Release|ARM.Build.0 = Release|ARM
		{C9C249CF-C42D-4AF1-A027-CA702C493F49}.Release|ARM.Deploy.0 = Release|ARM
		{C9C249CF-C42D-4AF1-A027-CA702C493F49}.Release|iPhone.ActiveCfg = Release|x64
		{C9C249CF-C42D-4AF1-A027-CA702C493F49}.Release|iPhoneSimulator.ActiveCfg = Release|x64
		{C9C249CF-C42D-4AF1-A027-CA702C493F49}.Release|x64.ActiveCfg = Release|x64
		{C9C249CF-C42D-4AF1-A027-CA702C493F49}.Release|x64.Build.0 = Release|x64
		{C9C249CF-C42D-4AF1-A027-CA702C493F49}.Release|x64.Deploy.0 = Release|x64
		{C9C249CF-C42D-4AF1-A027-CA702C493F49}.Release|x86.ActiveCfg = Release|x86
		{C9C249CF-C42D-4AF1-A027-CA702C493F49}.Release|x86.Build.0 = Release|x86
		{C9C249CF-C42D-4AF1-A027-CA702C493F49}.Release|x86.Deploy.0 = Release|x86
		{696706AF-7A54-47B9-A5E7-02328AA44E73}.Debug|Any CPU.ActiveCfg = Debug|Any CPU
		{696706AF-7A54-47B9-A5E7-02328AA44E73}.Debug|Any CPU.Build.0 = Debug|Any CPU
		{696706AF-7A54-47B9-A5E7-02328AA44E73}.Debug|Any CPU.Deploy.0 = Debug|Any CPU
		{696706AF-7A54-47B9-A5E7-02328AA44E73}.Debug|ARM.ActiveCfg = Debug|Any CPU
		{696706AF-7A54-47B9-A5E7-02328AA44E73}.Debug|ARM.Build.0 = Debug|Any CPU
		{696706AF-7A54-47B9-A5E7-02328AA44E73}.Debug|ARM.Deploy.0 = Debug|Any CPU
		{696706AF-7A54-47B9-A5E7-02328AA44E73}.Debug|iPhone.ActiveCfg = Debug|Any CPU
		{696706AF-7A54-47B9-A5E7-02328AA44E73}.Debug|iPhone.Build.0 = Debug|Any CPU
		{696706AF-7A54-47B9-A5E7-02328AA44E73}.Debug|iPhone.Deploy.0 = Debug|Any CPU
		{696706AF-7A54-47B9-A5E7-02328AA44E73}.Debug|iPhoneSimulator.ActiveCfg = Debug|Any CPU
		{696706AF-7A54-47B9-A5E7-02328AA44E73}.Debug|iPhoneSimulator.Build.0 = Debug|Any CPU
		{696706AF-7A54-47B9-A5E7-02328AA44E73}.Debug|iPhoneSimulator.Deploy.0 = Debug|Any CPU
		{696706AF-7A54-47B9-A5E7-02328AA44E73}.Debug|x64.ActiveCfg = Debug|Any CPU
		{696706AF-7A54-47B9-A5E7-02328AA44E73}.Debug|x64.Build.0 = Debug|Any CPU
		{696706AF-7A54-47B9-A5E7-02328AA44E73}.Debug|x64.Deploy.0 = Debug|Any CPU
		{696706AF-7A54-47B9-A5E7-02328AA44E73}.Debug|x86.ActiveCfg = Debug|Any CPU
		{696706AF-7A54-47B9-A5E7-02328AA44E73}.Debug|x86.Build.0 = Debug|Any CPU
		{696706AF-7A54-47B9-A5E7-02328AA44E73}.Debug|x86.Deploy.0 = Debug|Any CPU
		{696706AF-7A54-47B9-A5E7-02328AA44E73}.Release|Any CPU.ActiveCfg = Release|Any CPU
		{696706AF-7A54-47B9-A5E7-02328AA44E73}.Release|Any CPU.Build.0 = Release|Any CPU
		{696706AF-7A54-47B9-A5E7-02328AA44E73}.Release|Any CPU.Deploy.0 = Release|Any CPU
		{696706AF-7A54-47B9-A5E7-02328AA44E73}.Release|ARM.ActiveCfg = Release|Any CPU
		{696706AF-7A54-47B9-A5E7-02328AA44E73}.Release|ARM.Build.0 = Release|Any CPU
		{696706AF-7A54-47B9-A5E7-02328AA44E73}.Release|ARM.Deploy.0 = Release|Any CPU
		{696706AF-7A54-47B9-A5E7-02328AA44E73}.Release|iPhone.ActiveCfg = Release|Any CPU
		{696706AF-7A54-47B9-A5E7-02328AA44E73}.Release|iPhone.Build.0 = Release|Any CPU
		{696706AF-7A54-47B9-A5E7-02328AA44E73}.Release|iPhone.Deploy.0 = Release|Any CPU
		{696706AF-7A54-47B9-A5E7-02328AA44E73}.Release|iPhoneSimulator.ActiveCfg = Release|Any CPU
		{696706AF-7A54-47B9-A5E7-02328AA44E73}.Release|iPhoneSimulator.Build.0 = Release|Any CPU
		{696706AF-7A54-47B9-A5E7-02328AA44E73}.Release|iPhoneSimulator.Deploy.0 = Release|Any CPU
		{696706AF-7A54-47B9-A5E7-02328AA44E73}.Release|x64.ActiveCfg = Release|Any CPU
		{696706AF-7A54-47B9-A5E7-02328AA44E73}.Release|x64.Build.0 = Release|Any CPU
		{696706AF-7A54-47B9-A5E7-02328AA44E73}.Release|x64.Deploy.0 = Release|Any CPU
		{696706AF-7A54-47B9-A5E7-02328AA44E73}.Release|x86.ActiveCfg = Release|Any CPU
		{696706AF-7A54-47B9-A5E7-02328AA44E73}.Release|x86.Build.0 = Release|Any CPU
		{696706AF-7A54-47B9-A5E7-02328AA44E73}.Release|x86.Deploy.0 = Release|Any CPU
		{F39D9ABF-4237-4138-AC2D-CB4950B646D2}.Debug|Any CPU.ActiveCfg = Debug|iPhoneSimulator
		{F39D9ABF-4237-4138-AC2D-CB4950B646D2}.Debug|Any CPU.Build.0 = Debug|iPhoneSimulator
		{F39D9ABF-4237-4138-AC2D-CB4950B646D2}.Debug|Any CPU.Deploy.0 = Debug|iPhoneSimulator
		{F39D9ABF-4237-4138-AC2D-CB4950B646D2}.Debug|ARM.ActiveCfg = Debug|iPhoneSimulator
		{F39D9ABF-4237-4138-AC2D-CB4950B646D2}.Debug|ARM.Build.0 = Debug|iPhoneSimulator
		{F39D9ABF-4237-4138-AC2D-CB4950B646D2}.Debug|ARM.Deploy.0 = Debug|iPhoneSimulator
		{F39D9ABF-4237-4138-AC2D-CB4950B646D2}.Debug|iPhone.ActiveCfg = Debug|iPhone
		{F39D9ABF-4237-4138-AC2D-CB4950B646D2}.Debug|iPhone.Build.0 = Debug|iPhone
		{F39D9ABF-4237-4138-AC2D-CB4950B646D2}.Debug|iPhone.Deploy.0 = Debug|iPhone
		{F39D9ABF-4237-4138-AC2D-CB4950B646D2}.Debug|iPhoneSimulator.ActiveCfg = Debug|iPhoneSimulator
		{F39D9ABF-4237-4138-AC2D-CB4950B646D2}.Debug|iPhoneSimulator.Build.0 = Debug|iPhoneSimulator
		{F39D9ABF-4237-4138-AC2D-CB4950B646D2}.Debug|iPhoneSimulator.Deploy.0 = Debug|iPhoneSimulator
		{F39D9ABF-4237-4138-AC2D-CB4950B646D2}.Debug|x64.ActiveCfg = Debug|iPhone
		{F39D9ABF-4237-4138-AC2D-CB4950B646D2}.Debug|x64.Build.0 = Debug|iPhone
		{F39D9ABF-4237-4138-AC2D-CB4950B646D2}.Debug|x64.Deploy.0 = Debug|iPhone
		{F39D9ABF-4237-4138-AC2D-CB4950B646D2}.Debug|x86.ActiveCfg = Debug|iPhoneSimulator
		{F39D9ABF-4237-4138-AC2D-CB4950B646D2}.Debug|x86.Build.0 = Debug|iPhoneSimulator
		{F39D9ABF-4237-4138-AC2D-CB4950B646D2}.Debug|x86.Deploy.0 = Debug|iPhoneSimulator
		{F39D9ABF-4237-4138-AC2D-CB4950B646D2}.Release|Any CPU.ActiveCfg = Release|iPhoneSimulator
		{F39D9ABF-4237-4138-AC2D-CB4950B646D2}.Release|Any CPU.Build.0 = Release|iPhoneSimulator
		{F39D9ABF-4237-4138-AC2D-CB4950B646D2}.Release|Any CPU.Deploy.0 = Release|iPhoneSimulator
		{F39D9ABF-4237-4138-AC2D-CB4950B646D2}.Release|ARM.ActiveCfg = Release|iPhoneSimulator
		{F39D9ABF-4237-4138-AC2D-CB4950B646D2}.Release|ARM.Build.0 = Release|iPhoneSimulator
		{F39D9ABF-4237-4138-AC2D-CB4950B646D2}.Release|ARM.Deploy.0 = Release|iPhoneSimulator
		{F39D9ABF-4237-4138-AC2D-CB4950B646D2}.Release|iPhone.ActiveCfg = Release|iPhone
		{F39D9ABF-4237-4138-AC2D-CB4950B646D2}.Release|iPhone.Build.0 = Release|iPhone
		{F39D9ABF-4237-4138-AC2D-CB4950B646D2}.Release|iPhone.Deploy.0 = Release|iPhone
		{F39D9ABF-4237-4138-AC2D-CB4950B646D2}.Release|iPhoneSimulator.ActiveCfg = Release|iPhoneSimulator
		{F39D9ABF-4237-4138-AC2D-CB4950B646D2}.Release|iPhoneSimulator.Build.0 = Release|iPhoneSimulator
		{F39D9ABF-4237-4138-AC2D-CB4950B646D2}.Release|iPhoneSimulator.Deploy.0 = Release|iPhoneSimulator
		{F39D9ABF-4237-4138-AC2D-CB4950B646D2}.Release|x64.ActiveCfg = Release|iPhoneSimulator
		{F39D9ABF-4237-4138-AC2D-CB4950B646D2}.Release|x64.Build.0 = Release|iPhoneSimulator
		{F39D9ABF-4237-4138-AC2D-CB4950B646D2}.Release|x64.Deploy.0 = Release|iPhoneSimulator
		{F39D9ABF-4237-4138-AC2D-CB4950B646D2}.Release|x86.ActiveCfg = Release|iPhoneSimulator
		{F39D9ABF-4237-4138-AC2D-CB4950B646D2}.Release|x86.Build.0 = Release|iPhoneSimulator
		{F39D9ABF-4237-4138-AC2D-CB4950B646D2}.Release|x86.Deploy.0 = Release|iPhoneSimulator
		{FF4B78E7-A113-4D1B-99C7-6385F2027928}.Debug|Any CPU.ActiveCfg = Debug|Any CPU
		{FF4B78E7-A113-4D1B-99C7-6385F2027928}.Debug|Any CPU.Build.0 = Debug|Any CPU
		{FF4B78E7-A113-4D1B-99C7-6385F2027928}.Debug|Any CPU.Deploy.0 = Debug|Any CPU
		{FF4B78E7-A113-4D1B-99C7-6385F2027928}.Debug|ARM.ActiveCfg = Debug|Any CPU
		{FF4B78E7-A113-4D1B-99C7-6385F2027928}.Debug|ARM.Build.0 = Debug|Any CPU
		{FF4B78E7-A113-4D1B-99C7-6385F2027928}.Debug|ARM.Deploy.0 = Debug|Any CPU
		{FF4B78E7-A113-4D1B-99C7-6385F2027928}.Debug|iPhone.ActiveCfg = Debug|Any CPU
		{FF4B78E7-A113-4D1B-99C7-6385F2027928}.Debug|iPhone.Build.0 = Debug|Any CPU
		{FF4B78E7-A113-4D1B-99C7-6385F2027928}.Debug|iPhone.Deploy.0 = Debug|Any CPU
		{FF4B78E7-A113-4D1B-99C7-6385F2027928}.Debug|iPhoneSimulator.ActiveCfg = Debug|Any CPU
		{FF4B78E7-A113-4D1B-99C7-6385F2027928}.Debug|iPhoneSimulator.Build.0 = Debug|Any CPU
		{FF4B78E7-A113-4D1B-99C7-6385F2027928}.Debug|iPhoneSimulator.Deploy.0 = Debug|Any CPU
		{FF4B78E7-A113-4D1B-99C7-6385F2027928}.Debug|x64.ActiveCfg = Debug|Any CPU
		{FF4B78E7-A113-4D1B-99C7-6385F2027928}.Debug|x64.Build.0 = Debug|Any CPU
		{FF4B78E7-A113-4D1B-99C7-6385F2027928}.Debug|x64.Deploy.0 = Debug|Any CPU
		{FF4B78E7-A113-4D1B-99C7-6385F2027928}.Debug|x86.ActiveCfg = Debug|Any CPU
		{FF4B78E7-A113-4D1B-99C7-6385F2027928}.Debug|x86.Build.0 = Debug|Any CPU
		{FF4B78E7-A113-4D1B-99C7-6385F2027928}.Debug|x86.Deploy.0 = Debug|Any CPU
		{FF4B78E7-A113-4D1B-99C7-6385F2027928}.Release|Any CPU.ActiveCfg = Release|Any CPU
		{FF4B78E7-A113-4D1B-99C7-6385F2027928}.Release|Any CPU.Build.0 = Release|Any CPU
		{FF4B78E7-A113-4D1B-99C7-6385F2027928}.Release|Any CPU.Deploy.0 = Release|Any CPU
		{FF4B78E7-A113-4D1B-99C7-6385F2027928}.Release|ARM.ActiveCfg = Release|Any CPU
		{FF4B78E7-A113-4D1B-99C7-6385F2027928}.Release|ARM.Build.0 = Release|Any CPU
		{FF4B78E7-A113-4D1B-99C7-6385F2027928}.Release|ARM.Deploy.0 = Release|Any CPU
		{FF4B78E7-A113-4D1B-99C7-6385F2027928}.Release|iPhone.ActiveCfg = Release|Any CPU
		{FF4B78E7-A113-4D1B-99C7-6385F2027928}.Release|iPhone.Build.0 = Release|Any CPU
		{FF4B78E7-A113-4D1B-99C7-6385F2027928}.Release|iPhone.Deploy.0 = Release|Any CPU
		{FF4B78E7-A113-4D1B-99C7-6385F2027928}.Release|iPhoneSimulator.ActiveCfg = Release|Any CPU
		{FF4B78E7-A113-4D1B-99C7-6385F2027928}.Release|iPhoneSimulator.Build.0 = Release|Any CPU
		{FF4B78E7-A113-4D1B-99C7-6385F2027928}.Release|iPhoneSimulator.Deploy.0 = Release|Any CPU
		{FF4B78E7-A113-4D1B-99C7-6385F2027928}.Release|x64.ActiveCfg = Release|Any CPU
		{FF4B78E7-A113-4D1B-99C7-6385F2027928}.Release|x64.Build.0 = Release|Any CPU
		{FF4B78E7-A113-4D1B-99C7-6385F2027928}.Release|x64.Deploy.0 = Release|Any CPU
		{FF4B78E7-A113-4D1B-99C7-6385F2027928}.Release|x86.ActiveCfg = Release|Any CPU
		{FF4B78E7-A113-4D1B-99C7-6385F2027928}.Release|x86.Build.0 = Release|Any CPU
		{FF4B78E7-A113-4D1B-99C7-6385F2027928}.Release|x86.Deploy.0 = Release|Any CPU
	EndGlobalSection
	GlobalSection(SolutionProperties) = preSolution
		HideSolutionNode = FALSE
	EndGlobalSection
	GlobalSection(ExtensibilityGlobals) = postSolution
		SolutionGuid = {22A13E47-2203-4911-A435-01E55F3E3815}
	EndGlobalSection
EndGlobal
