
Microsoft Visual Studio Solution File, Format Version 12.00
# Visual Studio Version 17
VisualStudioVersion = 17.7.34221.43
MinimumVisualStudioVersion = 10.0.40219.1
Project("{FAE04EC0-301F-11D3-BF4B-00C04F79EFBC}") = "Desafio_WinForms", "Desafio_WinForms\Desafio_WinForms.csproj", "{F3CBC852-4BF7-4BB4-81C3-7FBED31B61DC}"
EndProject
Global
	GlobalSection(SolutionConfigurationPlatforms) = preSolution
		Debug|Any CPU = Debug|Any CPU
		Release|Any CPU = Release|Any CPU
	EndGlobalSection
	GlobalSection(ProjectConfigurationPlatforms) = postSolution
		{F3CBC852-4BF7-4BB4-81C3-7FBED31B61DC}.Debug|Any CPU.ActiveCfg = Debug|Any CPU
		{F3CBC852-4BF7-4BB4-81C3-7FBED31B61DC}.Debug|Any CPU.Build.0 = Debug|Any CPU
		{F3CBC852-4BF7-4BB4-81C3-7FBED31B61DC}.Release|Any CPU.ActiveCfg = Release|Any CPU
		{F3CBC852-4BF7-4BB4-81C3-7FBED31B61DC}.Release|Any CPU.Build.0 = Release|Any CPU
	EndGlobalSection
	GlobalSection(SolutionProperties) = preSolution
		HideSolutionNode = FALSE
	EndGlobalSection
	GlobalSection(ExtensibilityGlobals) = postSolution
		SolutionGuid = {164ED8A1-144B-4D32-A842-BA36B7FF7328}
	EndGlobalSection
EndGlobal
