
Microsoft Visual Studio Solution File, Format Version 12.00
# Visual Studio Version 17
VisualStudioVersion = 17.7.34221.43
MinimumVisualStudioVersion = 10.0.40219.1
Project("{FAE04EC0-301F-11D3-BF4B-00C04F79EFBC}") = "12_AmigoSecretoWinForms", "12_AmigoSecretoWinForms\12_AmigoSecretoWinForms.csproj", "{62325CAF-1671-44D4-B986-DB1F23DA8C6A}"
EndProject
Global
	GlobalSection(SolutionConfigurationPlatforms) = preSolution
		Debug|Any CPU = Debug|Any CPU
		Release|Any CPU = Release|Any CPU
	EndGlobalSection
	GlobalSection(ProjectConfigurationPlatforms) = postSolution
		{62325CAF-1671-44D4-B986-DB1F23DA8C6A}.Debug|Any CPU.ActiveCfg = Debug|Any CPU
		{62325CAF-1671-44D4-B986-DB1F23DA8C6A}.Debug|Any CPU.Build.0 = Debug|Any CPU
		{62325CAF-1671-44D4-B986-DB1F23DA8C6A}.Release|Any CPU.ActiveCfg = Release|Any CPU
		{62325CAF-1671-44D4-B986-DB1F23DA8C6A}.Release|Any CPU.Build.0 = Release|Any CPU
	EndGlobalSection
	GlobalSection(SolutionProperties) = preSolution
		HideSolutionNode = FALSE
	EndGlobalSection
	GlobalSection(ExtensibilityGlobals) = postSolution
		SolutionGuid = {4B007D80-EDF5-49F8-A649-AA7D21E644DD}
	EndGlobalSection
EndGlobal
