
Microsoft Visual Studio Solution File, Format Version 12.00
# Visual Studio Version 17
VisualStudioVersion = 17.7.34031.279
MinimumVisualStudioVersion = 10.0.40219.1
Project("{9A19103F-16F7-4668-BE54-9A1E7A4F7556}") = "Lista05", "Lista05\Lista05.csproj", "{E6C8DD2D-C735-4025-B3A0-DEA40E639D98}"
EndProject
Project("{9A19103F-16F7-4668-BE54-9A1E7A4F7556}") = "Exercicio01", "Exercicio01\Exercicio01.csproj", "{5AE1184C-5B6A-4F84-8D49-841763368F58}"
EndProject
Project("{9A19103F-16F7-4668-BE54-9A1E7A4F7556}") = "Exercicio02", "Exercicio02\Exercicio02.csproj", "{BFB6F439-5CD1-4645-85A0-8B7B512B3A82}"
EndProject
Project("{9A19103F-16F7-4668-BE54-9A1E7A4F7556}") = "Exercicio03", "Exercicio03\Exercicio03.csproj", "{FBC4BDEF-87C2-4391-A4A4-EB6CA585FC58}"
EndProject
Project("{9A19103F-16F7-4668-BE54-9A1E7A4F7556}") = "Exercicio04", "Exercicio04\Exercicio04.csproj", "{814B5B6F-E56E-4900-BE29-DCD0A17F9091}"
EndProject
Project("{9A19103F-16F7-4668-BE54-9A1E7A4F7556}") = "Exercicio05", "Exercicio05\Exercicio05.csproj", "{F1B24D62-85BA-4EA4-8AF4-26ADBBEA1CA7}"
EndProject
Project("{9A19103F-16F7-4668-BE54-9A1E7A4F7556}") = "Exercicio06", "Exercicio06\Exercicio06.csproj", "{DDB7D66D-613F-4250-AD94-33B08DAB0FCC}"
EndProject
Project("{9A19103F-16F7-4668-BE54-9A1E7A4F7556}") = "Exercicio07", "Exercicio07\Exercicio07.csproj", "{1EFDDD79-7287-41DA-A8B9-9D50933CB4FF}"
EndProject
Project("{9A19103F-16F7-4668-BE54-9A1E7A4F7556}") = "Exercicio08", "Exercicio08\Exercicio08.csproj", "{A687817F-59C4-484F-A3E0-4D54B97D5FD8}"
EndProject
Project("{9A19103F-16F7-4668-BE54-9A1E7A4F7556}") = "Exercicio09", "Exercicio09\Exercicio09.csproj", "{A135FAEF-BC86-473A-9E47-3E7CC2FDA269}"
EndProject
Project("{9A19103F-16F7-4668-BE54-9A1E7A4F7556}") = "Exercicio10", "Exercicio10\Exercicio10.csproj", "{F48684BA-F1E1-4F37-A0E0-408CD2EDF69E}"
EndProject
Project("{FAE04EC0-301F-11D3-BF4B-00C04F79EFBC}") = "Exercicio11", "Exercicio11\Exercicio11.csproj", "{BBB03071-8EE7-4851-A590-AD345DA9427C}"
EndProject
Project("{FAE04EC0-301F-11D3-BF4B-00C04F79EFBC}") = "Exercicio12", "Exercicio12\Exercicio12.csproj", "{ED0AD5AB-6C70-4069-8BB9-E6C4B297330C}"
EndProject
Project("{FAE04EC0-301F-11D3-BF4B-00C04F79EFBC}") = "Exercicio13", "Exercicio13\Exercicio13.csproj", "{E17C9D20-305A-41A4-8E95-0876DCAE3275}"
EndProject
Project("{FAE04EC0-301F-11D3-BF4B-00C04F79EFBC}") = "Exercicio14", "Exercicio14\Exercicio14.csproj", "{8BA789BC-7BA9-4C57-B419-8F078FF84461}"
EndProject
Project("{FAE04EC0-301F-11D3-BF4B-00C04F79EFBC}") = "Exercicio15", "Exercicio15\Exercicio15.csproj", "{FC256BC7-8A4D-4852-9B45-4B7E056651FA}"
EndProject
Project("{FAE04EC0-301F-11D3-BF4B-00C04F79EFBC}") = "Exercicio16", "Exercicio16\Exercicio16.csproj", "{C2824BC7-345C-43C9-8D75-562A2D21D86B}"
EndProject
Project("{FAE04EC0-301F-11D3-BF4B-00C04F79EFBC}") = "Exercicio17", "Exercicio17\Exercicio17.csproj", "{06B72457-2A22-4274-84A3-E5809D7177EB}"
EndProject
Global
	GlobalSection(SolutionConfigurationPlatforms) = preSolution
		Debug|Any CPU = Debug|Any CPU
		Release|Any CPU = Release|Any CPU
	EndGlobalSection
	GlobalSection(ProjectConfigurationPlatforms) = postSolution
		{E6C8DD2D-C735-4025-B3A0-DEA40E639D98}.Debug|Any CPU.ActiveCfg = Debug|Any CPU
		{E6C8DD2D-C735-4025-B3A0-DEA40E639D98}.Debug|Any CPU.Build.0 = Debug|Any CPU
		{E6C8DD2D-C735-4025-B3A0-DEA40E639D98}.Release|Any CPU.ActiveCfg = Release|Any CPU
		{E6C8DD2D-C735-4025-B3A0-DEA40E639D98}.Release|Any CPU.Build.0 = Release|Any CPU
		{5AE1184C-5B6A-4F84-8D49-841763368F58}.Debug|Any CPU.ActiveCfg = Debug|Any CPU
		{5AE1184C-5B6A-4F84-8D49-841763368F58}.Debug|Any CPU.Build.0 = Debug|Any CPU
		{5AE1184C-5B6A-4F84-8D49-841763368F58}.Release|Any CPU.ActiveCfg = Release|Any CPU
		{5AE1184C-5B6A-4F84-8D49-841763368F58}.Release|Any CPU.Build.0 = Release|Any CPU
		{BFB6F439-5CD1-4645-85A0-8B7B512B3A82}.Debug|Any CPU.ActiveCfg = Debug|Any CPU
		{BFB6F439-5CD1-4645-85A0-8B7B512B3A82}.Debug|Any CPU.Build.0 = Debug|Any CPU
		{BFB6F439-5CD1-4645-85A0-8B7B512B3A82}.Release|Any CPU.ActiveCfg = Release|Any CPU
		{BFB6F439-5CD1-4645-85A0-8B7B512B3A82}.Release|Any CPU.Build.0 = Release|Any CPU
		{FBC4BDEF-87C2-4391-A4A4-EB6CA585FC58}.Debug|Any CPU.ActiveCfg = Debug|Any CPU
		{FBC4BDEF-87C2-4391-A4A4-EB6CA585FC58}.Debug|Any CPU.Build.0 = Debug|Any CPU
		{FBC4BDEF-87C2-4391-A4A4-EB6CA585FC58}.Release|Any CPU.ActiveCfg = Release|Any CPU
		{FBC4BDEF-87C2-4391-A4A4-EB6CA585FC58}.Release|Any CPU.Build.0 = Release|Any CPU
		{814B5B6F-E56E-4900-BE29-DCD0A17F9091}.Debug|Any CPU.ActiveCfg = Debug|Any CPU
		{814B5B6F-E56E-4900-BE29-DCD0A17F9091}.Debug|Any CPU.Build.0 = Debug|Any CPU
		{814B5B6F-E56E-4900-BE29-DCD0A17F9091}.Release|Any CPU.ActiveCfg = Release|Any CPU
		{814B5B6F-E56E-4900-BE29-DCD0A17F9091}.Release|Any CPU.Build.0 = Release|Any CPU
		{F1B24D62-85BA-4EA4-8AF4-26ADBBEA1CA7}.Debug|Any CPU.ActiveCfg = Debug|Any CPU
		{F1B24D62-85BA-4EA4-8AF4-26ADBBEA1CA7}.Debug|Any CPU.Build.0 = Debug|Any CPU
		{F1B24D62-85BA-4EA4-8AF4-26ADBBEA1CA7}.Release|Any CPU.ActiveCfg = Release|Any CPU
		{F1B24D62-85BA-4EA4-8AF4-26ADBBEA1CA7}.Release|Any CPU.Build.0 = Release|Any CPU
		{DDB7D66D-613F-4250-AD94-33B08DAB0FCC}.Debug|Any CPU.ActiveCfg = Debug|Any CPU
		{DDB7D66D-613F-4250-AD94-33B08DAB0FCC}.Debug|Any CPU.Build.0 = Debug|Any CPU
		{DDB7D66D-613F-4250-AD94-33B08DAB0FCC}.Release|Any CPU.ActiveCfg = Release|Any CPU
		{DDB7D66D-613F-4250-AD94-33B08DAB0FCC}.Release|Any CPU.Build.0 = Release|Any CPU
		{1EFDDD79-7287-41DA-A8B9-9D50933CB4FF}.Debug|Any CPU.ActiveCfg = Debug|Any CPU
		{1EFDDD79-7287-41DA-A8B9-9D50933CB4FF}.Debug|Any CPU.Build.0 = Debug|Any CPU
		{1EFDDD79-7287-41DA-A8B9-9D50933CB4FF}.Release|Any CPU.ActiveCfg = Release|Any CPU
		{1EFDDD79-7287-41DA-A8B9-9D50933CB4FF}.Release|Any CPU.Build.0 = Release|Any CPU
		{A687817F-59C4-484F-A3E0-4D54B97D5FD8}.Debug|Any CPU.ActiveCfg = Debug|Any CPU
		{A687817F-59C4-484F-A3E0-4D54B97D5FD8}.Debug|Any CPU.Build.0 = Debug|Any CPU
		{A687817F-59C4-484F-A3E0-4D54B97D5FD8}.Release|Any CPU.ActiveCfg = Release|Any CPU
		{A687817F-59C4-484F-A3E0-4D54B97D5FD8}.Release|Any CPU.Build.0 = Release|Any CPU
		{A135FAEF-BC86-473A-9E47-3E7CC2FDA269}.Debug|Any CPU.ActiveCfg = Debug|Any CPU
		{A135FAEF-BC86-473A-9E47-3E7CC2FDA269}.Debug|Any CPU.Build.0 = Debug|Any CPU
		{A135FAEF-BC86-473A-9E47-3E7CC2FDA269}.Release|Any CPU.ActiveCfg = Release|Any CPU
		{A135FAEF-BC86-473A-9E47-3E7CC2FDA269}.Release|Any CPU.Build.0 = Release|Any CPU
		{F48684BA-F1E1-4F37-A0E0-408CD2EDF69E}.Debug|Any CPU.ActiveCfg = Debug|Any CPU
		{F48684BA-F1E1-4F37-A0E0-408CD2EDF69E}.Debug|Any CPU.Build.0 = Debug|Any CPU
		{F48684BA-F1E1-4F37-A0E0-408CD2EDF69E}.Release|Any CPU.ActiveCfg = Release|Any CPU
		{F48684BA-F1E1-4F37-A0E0-408CD2EDF69E}.Release|Any CPU.Build.0 = Release|Any CPU
		{BBB03071-8EE7-4851-A590-AD345DA9427C}.Debug|Any CPU.ActiveCfg = Debug|Any CPU
		{BBB03071-8EE7-4851-A590-AD345DA9427C}.Debug|Any CPU.Build.0 = Debug|Any CPU
		{BBB03071-8EE7-4851-A590-AD345DA9427C}.Release|Any CPU.ActiveCfg = Release|Any CPU
		{BBB03071-8EE7-4851-A590-AD345DA9427C}.Release|Any CPU.Build.0 = Release|Any CPU
		{ED0AD5AB-6C70-4069-8BB9-E6C4B297330C}.Debug|Any CPU.ActiveCfg = Debug|Any CPU
		{ED0AD5AB-6C70-4069-8BB9-E6C4B297330C}.Debug|Any CPU.Build.0 = Debug|Any CPU
		{ED0AD5AB-6C70-4069-8BB9-E6C4B297330C}.Release|Any CPU.ActiveCfg = Release|Any CPU
		{ED0AD5AB-6C70-4069-8BB9-E6C4B297330C}.Release|Any CPU.Build.0 = Release|Any CPU
		{E17C9D20-305A-41A4-8E95-0876DCAE3275}.Debug|Any CPU.ActiveCfg = Debug|Any CPU
		{E17C9D20-305A-41A4-8E95-0876DCAE3275}.Debug|Any CPU.Build.0 = Debug|Any CPU
		{E17C9D20-305A-41A4-8E95-0876DCAE3275}.Release|Any CPU.ActiveCfg = Release|Any CPU
		{E17C9D20-305A-41A4-8E95-0876DCAE3275}.Release|Any CPU.Build.0 = Release|Any CPU
		{8BA789BC-7BA9-4C57-B419-8F078FF84461}.Debug|Any CPU.ActiveCfg = Debug|Any CPU
		{8BA789BC-7BA9-4C57-B419-8F078FF84461}.Debug|Any CPU.Build.0 = Debug|Any CPU
		{8BA789BC-7BA9-4C57-B419-8F078FF84461}.Release|Any CPU.ActiveCfg = Release|Any CPU
		{8BA789BC-7BA9-4C57-B419-8F078FF84461}.Release|Any CPU.Build.0 = Release|Any CPU
		{FC256BC7-8A4D-4852-9B45-4B7E056651FA}.Debug|Any CPU.ActiveCfg = Debug|Any CPU
		{FC256BC7-8A4D-4852-9B45-4B7E056651FA}.Debug|Any CPU.Build.0 = Debug|Any CPU
		{FC256BC7-8A4D-4852-9B45-4B7E056651FA}.Release|Any CPU.ActiveCfg = Release|Any CPU
		{FC256BC7-8A4D-4852-9B45-4B7E056651FA}.Release|Any CPU.Build.0 = Release|Any CPU
		{C2824BC7-345C-43C9-8D75-562A2D21D86B}.Debug|Any CPU.ActiveCfg = Debug|Any CPU
		{C2824BC7-345C-43C9-8D75-562A2D21D86B}.Debug|Any CPU.Build.0 = Debug|Any CPU
		{C2824BC7-345C-43C9-8D75-562A2D21D86B}.Release|Any CPU.ActiveCfg = Release|Any CPU
		{C2824BC7-345C-43C9-8D75-562A2D21D86B}.Release|Any CPU.Build.0 = Release|Any CPU
		{06B72457-2A22-4274-84A3-E5809D7177EB}.Debug|Any CPU.ActiveCfg = Debug|Any CPU
		{06B72457-2A22-4274-84A3-E5809D7177EB}.Debug|Any CPU.Build.0 = Debug|Any CPU
		{06B72457-2A22-4274-84A3-E5809D7177EB}.Release|Any CPU.ActiveCfg = Release|Any CPU
		{06B72457-2A22-4274-84A3-E5809D7177EB}.Release|Any CPU.Build.0 = Release|Any CPU
	EndGlobalSection
	GlobalSection(SolutionProperties) = preSolution
		HideSolutionNode = FALSE
	EndGlobalSection
	GlobalSection(ExtensibilityGlobals) = postSolution
		SolutionGuid = {76F02F94-795D-4F42-9392-406551772EEE}
	EndGlobalSection
EndGlobal
