
Microsoft Visual Studio Solution File, Format Version 12.00
# Visual Studio Version 17
VisualStudioVersion = 17.7.34031.279
MinimumVisualStudioVersion = 10.0.40219.1
Project("{FAE04EC0-301F-11D3-BF4B-00C04F79EFBC}") = "Lista02", "Lista02\Lista02.csproj", "{39860E20-F6B3-4D7F-B959-17D5F519C118}"
EndProject
Project("{FAE04EC0-301F-11D3-BF4B-00C04F79EFBC}") = "Exercicio01", "Exercicio01\Exercicio01.csproj", "{E7C504CE-4765-4929-85DE-F328CE1262D7}"
EndProject
Project("{FAE04EC0-301F-11D3-BF4B-00C04F79EFBC}") = "Exercicio02", "Exercicio02\Exercicio02.csproj", "{ED0D6EFE-682B-468F-87D1-35B37BB7D34F}"
EndProject
Project("{FAE04EC0-301F-11D3-BF4B-00C04F79EFBC}") = "Exercicio03", "Exercicio03\Exercicio03.csproj", "{35343E25-6FC4-407E-8E9A-29089D72ED46}"
EndProject
Project("{FAE04EC0-301F-11D3-BF4B-00C04F79EFBC}") = "Exercicio04", "Exercicio04\Exercicio04.csproj", "{337C89C1-F23C-43A7-9F26-EDDC93DC6C60}"
EndProject
Project("{FAE04EC0-301F-11D3-BF4B-00C04F79EFBC}") = "Exercicio05", "Exercicio05\Exercicio05.csproj", "{9199861B-8F39-4699-9EC4-30A7F45238C9}"
EndProject
Project("{FAE04EC0-301F-11D3-BF4B-00C04F79EFBC}") = "Exercicio06", "Exercicio06\Exercicio06.csproj", "{DE5245CC-524B-4C3B-A0BC-817392CF3565}"
EndProject
Project("{FAE04EC0-301F-11D3-BF4B-00C04F79EFBC}") = "Exercicio07", "Exercicio07\Exercicio07.csproj", "{8607EAF0-8FD3-45EC-A109-E1EA47417835}"
EndProject
Project("{FAE04EC0-301F-11D3-BF4B-00C04F79EFBC}") = "Exercicio08", "Exercicio08\Exercicio08.csproj", "{EB3E734D-700A-494D-870C-29202F4F8CC1}"
EndProject
Project("{FAE04EC0-301F-11D3-BF4B-00C04F79EFBC}") = "Exercicio09", "Exercicio09\Exercicio09.csproj", "{8F5623FA-0EB8-46C5-BAE1-1A2B0A177029}"
EndProject
Project("{FAE04EC0-301F-11D3-BF4B-00C04F79EFBC}") = "Exercicio10", "Exercicio10\Exercicio10.csproj", "{0AB7DB2F-0844-4348-8CF0-9146931CFE6F}"
EndProject
Global
	GlobalSection(SolutionConfigurationPlatforms) = preSolution
		Debug|Any CPU = Debug|Any CPU
		Release|Any CPU = Release|Any CPU
	EndGlobalSection
	GlobalSection(ProjectConfigurationPlatforms) = postSolution
		{39860E20-F6B3-4D7F-B959-17D5F519C118}.Debug|Any CPU.ActiveCfg = Debug|Any CPU
		{39860E20-F6B3-4D7F-B959-17D5F519C118}.Debug|Any CPU.Build.0 = Debug|Any CPU
		{39860E20-F6B3-4D7F-B959-17D5F519C118}.Release|Any CPU.ActiveCfg = Release|Any CPU
		{39860E20-F6B3-4D7F-B959-17D5F519C118}.Release|Any CPU.Build.0 = Release|Any CPU
		{E7C504CE-4765-4929-85DE-F328CE1262D7}.Debug|Any CPU.ActiveCfg = Debug|Any CPU
		{E7C504CE-4765-4929-85DE-F328CE1262D7}.Debug|Any CPU.Build.0 = Debug|Any CPU
		{E7C504CE-4765-4929-85DE-F328CE1262D7}.Release|Any CPU.ActiveCfg = Release|Any CPU
		{E7C504CE-4765-4929-85DE-F328CE1262D7}.Release|Any CPU.Build.0 = Release|Any CPU
		{ED0D6EFE-682B-468F-87D1-35B37BB7D34F}.Debug|Any CPU.ActiveCfg = Debug|Any CPU
		{ED0D6EFE-682B-468F-87D1-35B37BB7D34F}.Debug|Any CPU.Build.0 = Debug|Any CPU
		{ED0D6EFE-682B-468F-87D1-35B37BB7D34F}.Release|Any CPU.ActiveCfg = Release|Any CPU
		{ED0D6EFE-682B-468F-87D1-35B37BB7D34F}.Release|Any CPU.Build.0 = Release|Any CPU
		{35343E25-6FC4-407E-8E9A-29089D72ED46}.Debug|Any CPU.ActiveCfg = Debug|Any CPU
		{35343E25-6FC4-407E-8E9A-29089D72ED46}.Debug|Any CPU.Build.0 = Debug|Any CPU
		{35343E25-6FC4-407E-8E9A-29089D72ED46}.Release|Any CPU.ActiveCfg = Release|Any CPU
		{35343E25-6FC4-407E-8E9A-29089D72ED46}.Release|Any CPU.Build.0 = Release|Any CPU
		{337C89C1-F23C-43A7-9F26-EDDC93DC6C60}.Debug|Any CPU.ActiveCfg = Debug|Any CPU
		{337C89C1-F23C-43A7-9F26-EDDC93DC6C60}.Debug|Any CPU.Build.0 = Debug|Any CPU
		{337C89C1-F23C-43A7-9F26-EDDC93DC6C60}.Release|Any CPU.ActiveCfg = Release|Any CPU
		{337C89C1-F23C-43A7-9F26-EDDC93DC6C60}.Release|Any CPU.Build.0 = Release|Any CPU
		{9199861B-8F39-4699-9EC4-30A7F45238C9}.Debug|Any CPU.ActiveCfg = Debug|Any CPU
		{9199861B-8F39-4699-9EC4-30A7F45238C9}.Debug|Any CPU.Build.0 = Debug|Any CPU
		{9199861B-8F39-4699-9EC4-30A7F45238C9}.Release|Any CPU.ActiveCfg = Release|Any CPU
		{9199861B-8F39-4699-9EC4-30A7F45238C9}.Release|Any CPU.Build.0 = Release|Any CPU
		{DE5245CC-524B-4C3B-A0BC-817392CF3565}.Debug|Any CPU.ActiveCfg = Debug|Any CPU
		{DE5245CC-524B-4C3B-A0BC-817392CF3565}.Debug|Any CPU.Build.0 = Debug|Any CPU
		{DE5245CC-524B-4C3B-A0BC-817392CF3565}.Release|Any CPU.ActiveCfg = Release|Any CPU
		{DE5245CC-524B-4C3B-A0BC-817392CF3565}.Release|Any CPU.Build.0 = Release|Any CPU
		{8607EAF0-8FD3-45EC-A109-E1EA47417835}.Debug|Any CPU.ActiveCfg = Debug|Any CPU
		{8607EAF0-8FD3-45EC-A109-E1EA47417835}.Debug|Any CPU.Build.0 = Debug|Any CPU
		{8607EAF0-8FD3-45EC-A109-E1EA47417835}.Release|Any CPU.ActiveCfg = Release|Any CPU
		{8607EAF0-8FD3-45EC-A109-E1EA47417835}.Release|Any CPU.Build.0 = Release|Any CPU
		{EB3E734D-700A-494D-870C-29202F4F8CC1}.Debug|Any CPU.ActiveCfg = Debug|Any CPU
		{EB3E734D-700A-494D-870C-29202F4F8CC1}.Debug|Any CPU.Build.0 = Debug|Any CPU
		{EB3E734D-700A-494D-870C-29202F4F8CC1}.Release|Any CPU.ActiveCfg = Release|Any CPU
		{EB3E734D-700A-494D-870C-29202F4F8CC1}.Release|Any CPU.Build.0 = Release|Any CPU
		{8F5623FA-0EB8-46C5-BAE1-1A2B0A177029}.Debug|Any CPU.ActiveCfg = Debug|Any CPU
		{8F5623FA-0EB8-46C5-BAE1-1A2B0A177029}.Debug|Any CPU.Build.0 = Debug|Any CPU
		{8F5623FA-0EB8-46C5-BAE1-1A2B0A177029}.Release|Any CPU.ActiveCfg = Release|Any CPU
		{8F5623FA-0EB8-46C5-BAE1-1A2B0A177029}.Release|Any CPU.Build.0 = Release|Any CPU
		{0AB7DB2F-0844-4348-8CF0-9146931CFE6F}.Debug|Any CPU.ActiveCfg = Debug|Any CPU
		{0AB7DB2F-0844-4348-8CF0-9146931CFE6F}.Debug|Any CPU.Build.0 = Debug|Any CPU
		{0AB7DB2F-0844-4348-8CF0-9146931CFE6F}.Release|Any CPU.ActiveCfg = Release|Any CPU
		{0AB7DB2F-0844-4348-8CF0-9146931CFE6F}.Release|Any CPU.Build.0 = Release|Any CPU
	EndGlobalSection
	GlobalSection(SolutionProperties) = preSolution
		HideSolutionNode = FALSE
	EndGlobalSection
	GlobalSection(ExtensibilityGlobals) = postSolution
		SolutionGuid = {15F70C22-E2B3-40CE-AD52-04413A397C47}
	EndGlobalSection
EndGlobal
