
Microsoft Visual Studio Solution File, Format Version 12.00
# Visual Studio Version 17
VisualStudioVersion = 17.7.34031.279
MinimumVisualStudioVersion = 10.0.40219.1
Project("{FAE04EC0-301F-11D3-BF4B-00C04F79EFBC}") = "AulaFuncoes", "AulaFuncoes\AulaFuncoes.csproj", "{92247F06-5980-4C8F-934A-08D4DFA71851}"
EndProject
Global
	GlobalSection(SolutionConfigurationPlatforms) = preSolution
		Debug|Any CPU = Debug|Any CPU
		Release|Any CPU = Release|Any CPU
	EndGlobalSection
	GlobalSection(ProjectConfigurationPlatforms) = postSolution
		{92247F06-5980-4C8F-934A-08D4DFA71851}.Debug|Any CPU.ActiveCfg = Debug|Any CPU
		{92247F06-5980-4C8F-934A-08D4DFA71851}.Debug|Any CPU.Build.0 = Debug|Any CPU
		{92247F06-5980-4C8F-934A-08D4DFA71851}.Release|Any CPU.ActiveCfg = Release|Any CPU
		{92247F06-5980-4C8F-934A-08D4DFA71851}.Release|Any CPU.Build.0 = Release|Any CPU
	EndGlobalSection
	GlobalSection(SolutionProperties) = preSolution
		HideSolutionNode = FALSE
	EndGlobalSection
	GlobalSection(ExtensibilityGlobals) = postSolution
		SolutionGuid = {81571A80-4211-4CA1-8DFE-8679948BF42A}
	EndGlobalSection
EndGlobal
