
Microsoft Visual Studio Solution File, Format Version 12.00
# Visual Studio Version 17
VisualStudioVersion = 17.7.34221.43
MinimumVisualStudioVersion = 10.0.40219.1
Project("{FAE04EC0-301F-11D3-BF4B-00C04F79EFBC}") = "WF_AdoNet", "WF_AdoNet\WF_AdoNet.csproj", "{2DFD56A4-331E-467A-A873-68323A569E58}"
EndProject
Global
	GlobalSection(SolutionConfigurationPlatforms) = preSolution
		Debug|Any CPU = Debug|Any CPU
		Release|Any CPU = Release|Any CPU
	EndGlobalSection
	GlobalSection(ProjectConfigurationPlatforms) = postSolution
		{2DFD56A4-331E-467A-A873-68323A569E58}.Debug|Any CPU.ActiveCfg = Debug|Any CPU
		{2DFD56A4-331E-467A-A873-68323A569E58}.Debug|Any CPU.Build.0 = Debug|Any CPU
		{2DFD56A4-331E-467A-A873-68323A569E58}.Release|Any CPU.ActiveCfg = Release|Any CPU
		{2DFD56A4-331E-467A-A873-68323A569E58}.Release|Any CPU.Build.0 = Release|Any CPU
	EndGlobalSection
	GlobalSection(SolutionProperties) = preSolution
		HideSolutionNode = FALSE
	EndGlobalSection
	GlobalSection(ExtensibilityGlobals) = postSolution
		SolutionGuid = {946E7A2B-2D51-4FF0-B433-4F0CEAE5D674}
	EndGlobalSection
EndGlobal
